<Solution>
  <Configurations>
    <Platform Name="Any CPU" />
    <Platform Name="ARM64" />
    <Platform Name="x64" />
    <Platform Name="x86" />
  </Configurations>
  <Project Path="SampleApp/SampleApp.csproj" Id="522702f9-d3c4-4e3c-a8b6-0a1d6449e700" />
  <Project Path="SampleAppSetup/SampleAppSetup.wixproj" Type="b7dd6f7e-def8-4e67-b5b7-07ef123db6f0" Id="5687ba1a-6585-4ece-b004-c2fda2ce6ec1">
    <Platform Project="x86" />
  </Project>
</Solution>
